
Microsoft Visual Studio Solution File, Format Version 12.00
# Visual Studio Version 16
<<<<<<< HEAD
VisualStudioVersion = 25.0.1705.5
MinimumVisualStudioVersion = 10.0.40219.1
Project("{FAE04EC0-301F-11D3-BF4B-00C04F79EFBC}") = "LittleBigTraveler", "LittleBigTraveler.csproj", "{F8C6894C-32C9-4241-8435-02352583C36A}"
=======
VisualStudioVersion = 25.0.1705.6
MinimumVisualStudioVersion = 10.0.40219.1
Project("{FAE04EC0-301F-11D3-BF4B-00C04F79EFBC}") = "LittleBigTraveler", "LittleBigTraveler.csproj", "{7EC9268F-7E66-4673-AD35-0FE0337F3682}"
>>>>>>> refs/remotes/origin/master
EndProject
Global
	GlobalSection(SolutionConfigurationPlatforms) = preSolution
		Debug|Any CPU = Debug|Any CPU
		Release|Any CPU = Release|Any CPU
	EndGlobalSection
	GlobalSection(ProjectConfigurationPlatforms) = postSolution
<<<<<<< HEAD
		{F8C6894C-32C9-4241-8435-02352583C36A}.Debug|Any CPU.ActiveCfg = Debug|Any CPU
		{F8C6894C-32C9-4241-8435-02352583C36A}.Debug|Any CPU.Build.0 = Debug|Any CPU
		{F8C6894C-32C9-4241-8435-02352583C36A}.Release|Any CPU.ActiveCfg = Release|Any CPU
		{F8C6894C-32C9-4241-8435-02352583C36A}.Release|Any CPU.Build.0 = Release|Any CPU
=======
		{7EC9268F-7E66-4673-AD35-0FE0337F3682}.Debug|Any CPU.ActiveCfg = Debug|Any CPU
		{7EC9268F-7E66-4673-AD35-0FE0337F3682}.Debug|Any CPU.Build.0 = Debug|Any CPU
		{7EC9268F-7E66-4673-AD35-0FE0337F3682}.Release|Any CPU.ActiveCfg = Release|Any CPU
		{7EC9268F-7E66-4673-AD35-0FE0337F3682}.Release|Any CPU.Build.0 = Release|Any CPU
>>>>>>> refs/remotes/origin/master
	EndGlobalSection
	GlobalSection(SolutionProperties) = preSolution
		HideSolutionNode = FALSE
	EndGlobalSection
	GlobalSection(ExtensibilityGlobals) = postSolution
<<<<<<< HEAD
		SolutionGuid = {04AB51EC-9C89-49BE-8AF6-EDE7C319CF8D}
=======
		SolutionGuid = {231DBA7C-C7B6-4E5D-8CD5-81A973D47D87}
>>>>>>> refs/remotes/origin/master
	EndGlobalSection
EndGlobal
